{
  "name": "kafka-broker",
  "version": "1.0.0",
  "lockfileVersion": 3,
  "requires": true,
  "packages": {
    "": {
      "name": "kafka-broker",
      "version": "1.0.0",
      "dependencies": {
        "microservices-project": "file:.."
      }
    },
    "..": {
      "version": "1.0.0",
      "dependencies": {
        "concurrently": "^8.2.2"
      }
    },
    "node_modules/microservices-project": {
      "resolved": "..",
      "link": true
    }
  }
}
